
Microsoft Visual Studio Solution File, Format Version 12.00
# Visual Studio 15
VisualStudioVersion = 15.0.27703.2000
MinimumVisualStudioVersion = 10.0.40219.1
Project("{FAE04EC0-301F-11D3-BF4B-00C04F79EFBC}") = "Hello.Contract", "Hello.Contract\Hello.Contract.csproj", "{344FE478-1E04-4720-93F1-0D70938CD505}"
EndProject
Project("{2150E333-8FDC-42A3-9474-1A3956D46DE8}") = "Contracts", "Contracts", "{F4CDE44B-92EB-447C-9FA1-504C179CDB13}"
EndProject
Project("{2150E333-8FDC-42A3-9474-1A3956D46DE8}") = "Tests", "Tests", "{C35C0522-0742-4FAC-A3B8-A03688986BD6}"
EndProject
Project("{FAE04EC0-301F-11D3-BF4B-00C04F79EFBC}") = "Lock.Contract", "Lock.Contract\Lock.Contract.csproj", "{4FDC7BF3-C9FF-44C4-B5D2-65271AB628EA}"
EndProject
Global
	GlobalSection(SolutionConfigurationPlatforms) = preSolution
		Debug|Any CPU = Debug|Any CPU
		Release|Any CPU = Release|Any CPU
	EndGlobalSection
	GlobalSection(ProjectConfigurationPlatforms) = postSolution
		{344FE478-1E04-4720-93F1-0D70938CD505}.Debug|Any CPU.ActiveCfg = Debug|Any CPU
		{344FE478-1E04-4720-93F1-0D70938CD505}.Debug|Any CPU.Build.0 = Debug|Any CPU
		{344FE478-1E04-4720-93F1-0D70938CD505}.Release|Any CPU.ActiveCfg = Release|Any CPU
		{344FE478-1E04-4720-93F1-0D70938CD505}.Release|Any CPU.Build.0 = Release|Any CPU
		{4FDC7BF3-C9FF-44C4-B5D2-65271AB628EA}.Debug|Any CPU.ActiveCfg = Debug|Any CPU
		{4FDC7BF3-C9FF-44C4-B5D2-65271AB628EA}.Debug|Any CPU.Build.0 = Debug|Any CPU
		{4FDC7BF3-C9FF-44C4-B5D2-65271AB628EA}.Release|Any CPU.ActiveCfg = Release|Any CPU
		{4FDC7BF3-C9FF-44C4-B5D2-65271AB628EA}.Release|Any CPU.Build.0 = Release|Any CPU
	EndGlobalSection
	GlobalSection(SolutionProperties) = preSolution
		HideSolutionNode = FALSE
	EndGlobalSection
	GlobalSection(NestedProjects) = preSolution
		{344FE478-1E04-4720-93F1-0D70938CD505} = {F4CDE44B-92EB-447C-9FA1-504C179CDB13}
		{4FDC7BF3-C9FF-44C4-B5D2-65271AB628EA} = {F4CDE44B-92EB-447C-9FA1-504C179CDB13}
	EndGlobalSection
	GlobalSection(ExtensibilityGlobals) = postSolution
		SolutionGuid = {8192845D-3A00-4429-A8AB-D79C6E6022B1}
	EndGlobalSection
EndGlobal
