
Microsoft Visual Studio Solution File, Format Version 12.00
# Visual Studio 15
VisualStudioVersion = 15.0.27703.2000
MinimumVisualStudioVersion = 10.0.40219.1
Project("{2150E333-8FDC-42A3-9474-1A3956D46DE8}") = "Contracts", "Contracts", "{F4CDE44B-92EB-447C-9FA1-504C179CDB13}"
EndProject
Project("{2150E333-8FDC-42A3-9474-1A3956D46DE8}") = "Tests", "Tests", "{C35C0522-0742-4FAC-A3B8-A03688986BD6}"
EndProject
Project("{FAE04EC0-301F-11D3-BF4B-00C04F79EFBC}") = "Yol.Punla.UnitTest", "Yol.Punla.UnitTest\Yol.Punla.UnitTest.csproj", "{B836E301-5BAA-45E9-B8F7-4E9994AE47F8}"
EndProject
Project("{FAE04EC0-301F-11D3-BF4B-00C04F79EFBC}") = "Hello.Contract", "Hello.Contract\Hello.Contract.csproj", "{DDE56C9C-4D6D-4423-9745-E6FB6DB10D32}"
EndProject
Project("{FAE04EC0-301F-11D3-BF4B-00C04F79EFBC}") = "Lock.Contract", "Lock.Contract\Lock.Contract.csproj", "{03CEDE5B-CF85-4077-997D-4D28116434D4}"
EndProject
Global
	GlobalSection(SolutionConfigurationPlatforms) = preSolution
		Debug|Any CPU = Debug|Any CPU
		Release|Any CPU = Release|Any CPU
	EndGlobalSection
	GlobalSection(ProjectConfigurationPlatforms) = postSolution
		{B836E301-5BAA-45E9-B8F7-4E9994AE47F8}.Debug|Any CPU.ActiveCfg = Debug|Any CPU
		{B836E301-5BAA-45E9-B8F7-4E9994AE47F8}.Debug|Any CPU.Build.0 = Debug|Any CPU
		{B836E301-5BAA-45E9-B8F7-4E9994AE47F8}.Release|Any CPU.ActiveCfg = Release|Any CPU
		{B836E301-5BAA-45E9-B8F7-4E9994AE47F8}.Release|Any CPU.Build.0 = Release|Any CPU
		{DDE56C9C-4D6D-4423-9745-E6FB6DB10D32}.Debug|Any CPU.ActiveCfg = Debug|Any CPU
		{DDE56C9C-4D6D-4423-9745-E6FB6DB10D32}.Debug|Any CPU.Build.0 = Debug|Any CPU
		{DDE56C9C-4D6D-4423-9745-E6FB6DB10D32}.Release|Any CPU.ActiveCfg = Release|Any CPU
		{DDE56C9C-4D6D-4423-9745-E6FB6DB10D32}.Release|Any CPU.Build.0 = Release|Any CPU
		{03CEDE5B-CF85-4077-997D-4D28116434D4}.Debug|Any CPU.ActiveCfg = Debug|Any CPU
		{03CEDE5B-CF85-4077-997D-4D28116434D4}.Debug|Any CPU.Build.0 = Debug|Any CPU
		{03CEDE5B-CF85-4077-997D-4D28116434D4}.Release|Any CPU.ActiveCfg = Release|Any CPU
		{03CEDE5B-CF85-4077-997D-4D28116434D4}.Release|Any CPU.Build.0 = Release|Any CPU
	EndGlobalSection
	GlobalSection(SolutionProperties) = preSolution
		HideSolutionNode = FALSE
	EndGlobalSection
	GlobalSection(NestedProjects) = preSolution
		{B836E301-5BAA-45E9-B8F7-4E9994AE47F8} = {C35C0522-0742-4FAC-A3B8-A03688986BD6}
		{DDE56C9C-4D6D-4423-9745-E6FB6DB10D32} = {F4CDE44B-92EB-447C-9FA1-504C179CDB13}
		{03CEDE5B-CF85-4077-997D-4D28116434D4} = {F4CDE44B-92EB-447C-9FA1-504C179CDB13}
	EndGlobalSection
	GlobalSection(ExtensibilityGlobals) = postSolution
		SolutionGuid = {8192845D-3A00-4429-A8AB-D79C6E6022B1}
	EndGlobalSection
EndGlobal
